
Microsoft Visual Studio Solution File, Format Version 12.00
# Visual Studio 15
VisualStudioVersion = 15.0.26730.12
MinimumVisualStudioVersion = 10.0.40219.1
Project("{9A19103F-16F7-4668-BE54-9A1E7A4F7556}") = "CycleHire", "CycleHire\CycleHire.csproj", "{DDD134D9-56DA-4285-AD7E-50F5044DD2E5}"
EndProject
Project("{FAE04EC0-301F-11D3-BF4B-00C04F79EFBC}") = "CycleHire.UnitTests", "CycleHire.UnitTests\CycleHire.UnitTests.csproj", "{5BCEF7A4-E4C7-40CC-94C9-25475311F0FF}"
EndProject
Global
	GlobalSection(SolutionConfigurationPlatforms) = preSolution
		Debug|Any CPU = Debug|Any CPU
		Release|Any CPU = Release|Any CPU
	EndGlobalSection
	GlobalSection(ProjectConfigurationPlatforms) = postSolution
		{DDD134D9-56DA-4285-AD7E-50F5044DD2E5}.Debug|Any CPU.ActiveCfg = Debug|Any CPU
		{DDD134D9-56DA-4285-AD7E-50F5044DD2E5}.Debug|Any CPU.Build.0 = Debug|Any CPU
		{DDD134D9-56DA-4285-AD7E-50F5044DD2E5}.Release|Any CPU.ActiveCfg = Release|Any CPU
		{DDD134D9-56DA-4285-AD7E-50F5044DD2E5}.Release|Any CPU.Build.0 = Release|Any CPU
		{5BCEF7A4-E4C7-40CC-94C9-25475311F0FF}.Debug|Any CPU.ActiveCfg = Debug|Any CPU
		{5BCEF7A4-E4C7-40CC-94C9-25475311F0FF}.Debug|Any CPU.Build.0 = Debug|Any CPU
		{5BCEF7A4-E4C7-40CC-94C9-25475311F0FF}.Release|Any CPU.ActiveCfg = Release|Any CPU
		{5BCEF7A4-E4C7-40CC-94C9-25475311F0FF}.Release|Any CPU.Build.0 = Release|Any CPU
	EndGlobalSection
	GlobalSection(SolutionProperties) = preSolution
		HideSolutionNode = FALSE
	EndGlobalSection
	GlobalSection(ExtensibilityGlobals) = postSolution
		SolutionGuid = {6FB82D98-7E97-4E0E-95A7-2756D4380241}
	EndGlobalSection
EndGlobal
